
Microsoft Visual Studio Solution File, Format Version 12.00
# Visual Studio Version 16
VisualStudioVersion = 16.0.30114.105
MinimumVisualStudioVersion = 10.0.40219.1
Project("{FAE04EC0-301F-11D3-BF4B-00C04F79EFBC}") = "TechInterviews", "TechInterviews\TechInterviews.csproj", "{B02BC64E-7476-4DC5-8E56-3679AE42E64F}"
EndProject
Project("{FAE04EC0-301F-11D3-BF4B-00C04F79EFBC}") = "TechInterviews.Tests", "TechInterviews.Tests\TechInterviews.Tests.csproj", "{B7459D4F-7AED-4E32-BD58-486E53119933}"
EndProject
Global
	GlobalSection(SolutionConfigurationPlatforms) = preSolution
		Debug|Any CPU = Debug|Any CPU
		Release|Any CPU = Release|Any CPU
	EndGlobalSection
	GlobalSection(SolutionProperties) = preSolution
		HideSolutionNode = FALSE
	EndGlobalSection
	GlobalSection(ProjectConfigurationPlatforms) = postSolution
		{B02BC64E-7476-4DC5-8E56-3679AE42E64F}.Debug|Any CPU.ActiveCfg = Debug|Any CPU
		{B02BC64E-7476-4DC5-8E56-3679AE42E64F}.Debug|Any CPU.Build.0 = Debug|Any CPU
		{B02BC64E-7476-4DC5-8E56-3679AE42E64F}.Release|Any CPU.ActiveCfg = Release|Any CPU
		{B02BC64E-7476-4DC5-8E56-3679AE42E64F}.Release|Any CPU.Build.0 = Release|Any CPU
		{B7459D4F-7AED-4E32-BD58-486E53119933}.Debug|Any CPU.ActiveCfg = Debug|Any CPU
		{B7459D4F-7AED-4E32-BD58-486E53119933}.Debug|Any CPU.Build.0 = Debug|Any CPU
		{B7459D4F-7AED-4E32-BD58-486E53119933}.Release|Any CPU.ActiveCfg = Release|Any CPU
		{B7459D4F-7AED-4E32-BD58-486E53119933}.Release|Any CPU.Build.0 = Release|Any CPU
	EndGlobalSection
EndGlobal
